// !$*UTF8*$!
{
	archiveVersion = 1;
	classes = {
	};
	objectVersion = 51;
	objects = {

/* Begin PBXBuildFile section */
		6CF2F355B5884CAD02551477 /* Pods_Mesh.framework in Frameworks */ = {isa = PBXBuildFile; fileRef = E2EC500CAC980DAA33F77D06 /* Pods_Mesh.framework */; };
		6F368C2D24F208F500C7E08C /* NearbyTableViewCell.swift in Sources */ = {isa = PBXBuildFile; fileRef = 6F368C2B24F208F500C7E08C /* NearbyTableViewCell.swift */; };
		6F368C2E24F208F500C7E08C /* NearbyTableViewCell.xib in Resources */ = {isa = PBXBuildFile; fileRef = 6F368C2C24F208F500C7E08C /* NearbyTableViewCell.xib */; };
		6F4067A024F31ABA009CB580 /* GoogleService-Info.plist in Resources */ = {isa = PBXBuildFile; fileRef = 6F40679F24F31ABA009CB580 /* GoogleService-Info.plist */; };
		6F4067A324F4627F009CB580 /* TabBarViewController.swift in Sources */ = {isa = PBXBuildFile; fileRef = 6F4067A224F4627F009CB580 /* TabBarViewController.swift */; };
		6F6DF02424E79AE1009ACCDD /* AuthCodeViewController.swift in Sources */ = {isa = PBXBuildFile; fileRef = 6F6DF02324E79AE1009ACCDD /* AuthCodeViewController.swift */; };
		6F76834324F06C3C00B70F29 /* FinishSignUpViewController.swift in Sources */ = {isa = PBXBuildFile; fileRef = 6F76834224F06C3C00B70F29 /* FinishSignUpViewController.swift */; };
		6F7737B1251FD341006D70CC /* localDataModel.xcdatamodeld in Sources */ = {isa = PBXBuildFile; fileRef = 6F7737AF251FD341006D70CC /* localDataModel.xcdatamodeld */; };
		6F81595324F4670B00FB59BD /* NewPostDummyViewController.swift in Sources */ = {isa = PBXBuildFile; fileRef = 6F81595224F4670B00FB59BD /* NewPostDummyViewController.swift */; };
		6F81595824F46AAC00FB59BD /* NewPostEditorViewController.swift in Sources */ = {isa = PBXBuildFile; fileRef = 6F81595724F46AAC00FB59BD /* NewPostEditorViewController.swift */; };
		6F8605CC250F5128002AC4E9 /* TrendingViewController.swift in Sources */ = {isa = PBXBuildFile; fileRef = 6F8605CB250F5128002AC4E9 /* TrendingViewController.swift */; };
		6F8605CF2510695D002AC4E9 /* TestTableViewCell.swift in Sources */ = {isa = PBXBuildFile; fileRef = 6F8605CD2510695D002AC4E9 /* TestTableViewCell.swift */; };
		6F8605D02510695D002AC4E9 /* TestTableViewCell.xib in Resources */ = {isa = PBXBuildFile; fileRef = 6F8605CE2510695D002AC4E9 /* TestTableViewCell.xib */; };
		6F94A1E42524215A00284D92 /* NearbyPostsEntity+CoreDataClass.swift in Sources */ = {isa = PBXBuildFile; fileRef = 6F94A1E22524215A00284D92 /* NearbyPostsEntity+CoreDataClass.swift */; };
		6F94A1E52524215A00284D92 /* NearbyPostsEntity+CoreDataProperties.swift in Sources */ = {isa = PBXBuildFile; fileRef = 6F94A1E32524215A00284D92 /* NearbyPostsEntity+CoreDataProperties.swift */; };
		6F94A1E825257DA600284D92 /* NearbyTableCell.swift in Sources */ = {isa = PBXBuildFile; fileRef = 6F94A1E625257DA500284D92 /* NearbyTableCell.swift */; };
		6F94A1E925257DA600284D92 /* NearbyTableCell.xib in Resources */ = {isa = PBXBuildFile; fileRef = 6F94A1E725257DA500284D92 /* NearbyTableCell.xib */; };
		6FBA045324F1A7E400FC1E1B /* NearbyModel.swift in Sources */ = {isa = PBXBuildFile; fileRef = 6FBA045224F1A7E400FC1E1B /* NearbyModel.swift */; };
		6FBA045E24F2005C00FC1E1B /* UserInfo.swift in Sources */ = {isa = PBXBuildFile; fileRef = 6FBA045D24F2005C00FC1E1B /* UserInfo.swift */; };
		6FBA046024F2032100FC1E1B /* NearbyViewController.swift in Sources */ = {isa = PBXBuildFile; fileRef = 6FBA045F24F2032100FC1E1B /* NearbyViewController.swift */; };
		6FD5132024E36BAA0028DDAE /* Roboto-Thin.ttf in Resources */ = {isa = PBXBuildFile; fileRef = 6FD5131424E36BA40028DDAE /* Roboto-Thin.ttf */; };
		6FD5132124E36BAA0028DDAE /* Roboto-MediumItalic.ttf in Resources */ = {isa = PBXBuildFile; fileRef = 6FD5131524E36BA50028DDAE /* Roboto-MediumItalic.ttf */; };
		6FD5132224E36BAA0028DDAE /* Roboto-ThinItalic.ttf in Resources */ = {isa = PBXBuildFile; fileRef = 6FD5131624E36BA50028DDAE /* Roboto-ThinItalic.ttf */; };
		6FD5132324E36BAA0028DDAE /* Roboto-Italic.ttf in Resources */ = {isa = PBXBuildFile; fileRef = 6FD5131724E36BA60028DDAE /* Roboto-Italic.ttf */; };
		6FD5132424E36BAA0028DDAE /* Roboto-Bold.ttf in Resources */ = {isa = PBXBuildFile; fileRef = 6FD5131824E36BA60028DDAE /* Roboto-Bold.ttf */; };
		6FD5132524E36BAA0028DDAE /* Roboto-Light.ttf in Resources */ = {isa = PBXBuildFile; fileRef = 6FD5131924E36BA70028DDAE /* Roboto-Light.ttf */; };
		6FD5132624E36BAA0028DDAE /* Roboto-BlackItalic.ttf in Resources */ = {isa = PBXBuildFile; fileRef = 6FD5131A24E36BA80028DDAE /* Roboto-BlackItalic.ttf */; };
		6FD5132724E36BAA0028DDAE /* Roboto-LightItalic.ttf in Resources */ = {isa = PBXBuildFile; fileRef = 6FD5131B24E36BA80028DDAE /* Roboto-LightItalic.ttf */; };
		6FD5132824E36BAA0028DDAE /* Roboto-Medium.ttf in Resources */ = {isa = PBXBuildFile; fileRef = 6FD5131C24E36BA90028DDAE /* Roboto-Medium.ttf */; };
		6FD5132924E36BAA0028DDAE /* Roboto-Black.ttf in Resources */ = {isa = PBXBuildFile; fileRef = 6FD5131D24E36BA90028DDAE /* Roboto-Black.ttf */; };
		6FD5132A24E36BAA0028DDAE /* Roboto-BoldItalic.ttf in Resources */ = {isa = PBXBuildFile; fileRef = 6FD5131E24E36BAA0028DDAE /* Roboto-BoldItalic.ttf */; };
		6FD5132B24E36BAA0028DDAE /* Roboto-Regular.ttf in Resources */ = {isa = PBXBuildFile; fileRef = 6FD5131F24E36BAA0028DDAE /* Roboto-Regular.ttf */; };
		6FE0CE81250DF66100A05AD7 /* CommentsViewController.swift in Sources */ = {isa = PBXBuildFile; fileRef = 6FE0CE80250DF66100A05AD7 /* CommentsViewController.swift */; };
		6FFD62A024DE370D00D5B96D /* AppDelegate.swift in Sources */ = {isa = PBXBuildFile; fileRef = 6FFD629F24DE370D00D5B96D /* AppDelegate.swift */; };
		6FFD62A224DE370D00D5B96D /* SceneDelegate.swift in Sources */ = {isa = PBXBuildFile; fileRef = 6FFD62A124DE370D00D5B96D /* SceneDelegate.swift */; };
		6FFD62A424DE370D00D5B96D /* ViewController.swift in Sources */ = {isa = PBXBuildFile; fileRef = 6FFD62A324DE370D00D5B96D /* ViewController.swift */; };
		6FFD62A724DE370D00D5B96D /* Main.storyboard in Resources */ = {isa = PBXBuildFile; fileRef = 6FFD62A524DE370D00D5B96D /* Main.storyboard */; };
		6FFD62A924DE370D00D5B96D /* Assets.xcassets in Resources */ = {isa = PBXBuildFile; fileRef = 6FFD62A824DE370D00D5B96D /* Assets.xcassets */; };
		6FFD62AC24DE370D00D5B96D /* LaunchScreen.storyboard in Resources */ = {isa = PBXBuildFile; fileRef = 6FFD62AA24DE370D00D5B96D /* LaunchScreen.storyboard */; };
		6FFD62B424DF27CC00D5B96D /* WelcomeViewController.swift in Sources */ = {isa = PBXBuildFile; fileRef = 6FFD62B324DF27CB00D5B96D /* WelcomeViewController.swift */; };
/* End PBXBuildFile section */

/* Begin PBXFileReference section */
		6F368C2B24F208F500C7E08C /* NearbyTableViewCell.swift */ = {isa = PBXFileReference; lastKnownFileType = sourcecode.swift; path = NearbyTableViewCell.swift; sourceTree = "<group>"; };
		6F368C2C24F208F500C7E08C /* NearbyTableViewCell.xib */ = {isa = PBXFileReference; lastKnownFileType = file.xib; path = NearbyTableViewCell.xib; sourceTree = "<group>"; };
		6F40679F24F31ABA009CB580 /* GoogleService-Info.plist */ = {isa = PBXFileReference; fileEncoding = 4; lastKnownFileType = text.plist.xml; path = "GoogleService-Info.plist"; sourceTree = "<group>"; };
		6F4067A124F32C36009CB580 /* Mesh.entitlements */ = {isa = PBXFileReference; lastKnownFileType = text.plist.entitlements; path = Mesh.entitlements; sourceTree = "<group>"; };
		6F4067A224F4627F009CB580 /* TabBarViewController.swift */ = {isa = PBXFileReference; lastKnownFileType = sourcecode.swift; path = TabBarViewController.swift; sourceTree = "<group>"; };
		6F6DF02324E79AE1009ACCDD /* AuthCodeViewController.swift */ = {isa = PBXFileReference; lastKnownFileType = sourcecode.swift; path = AuthCodeViewController.swift; sourceTree = "<group>"; };
		6F76834224F06C3C00B70F29 /* FinishSignUpViewController.swift */ = {isa = PBXFileReference; lastKnownFileType = sourcecode.swift; path = FinishSignUpViewController.swift; sourceTree = "<group>"; };
		6F7737B0251FD341006D70CC /* localDataModel.xcdatamodel */ = {isa = PBXFileReference; lastKnownFileType = wrapper.xcdatamodel; path = localDataModel.xcdatamodel; sourceTree = "<group>"; };
		6F81595224F4670B00FB59BD /* NewPostDummyViewController.swift */ = {isa = PBXFileReference; lastKnownFileType = sourcecode.swift; path = NewPostDummyViewController.swift; sourceTree = "<group>"; };
		6F81595724F46AAC00FB59BD /* NewPostEditorViewController.swift */ = {isa = PBXFileReference; lastKnownFileType = sourcecode.swift; path = NewPostEditorViewController.swift; sourceTree = "<group>"; };
		6F8605CB250F5128002AC4E9 /* TrendingViewController.swift */ = {isa = PBXFileReference; lastKnownFileType = sourcecode.swift; path = TrendingViewController.swift; sourceTree = "<group>"; };
		6F8605CD2510695D002AC4E9 /* TestTableViewCell.swift */ = {isa = PBXFileReference; lastKnownFileType = sourcecode.swift; path = TestTableViewCell.swift; sourceTree = "<group>"; };
		6F8605CE2510695D002AC4E9 /* TestTableViewCell.xib */ = {isa = PBXFileReference; lastKnownFileType = file.xib; path = TestTableViewCell.xib; sourceTree = "<group>"; };
		6F94A1E22524215A00284D92 /* NearbyPostsEntity+CoreDataClass.swift */ = {isa = PBXFileReference; lastKnownFileType = sourcecode.swift; path = "NearbyPostsEntity+CoreDataClass.swift"; sourceTree = "<group>"; };
		6F94A1E32524215A00284D92 /* NearbyPostsEntity+CoreDataProperties.swift */ = {isa = PBXFileReference; lastKnownFileType = sourcecode.swift; path = "NearbyPostsEntity+CoreDataProperties.swift"; sourceTree = "<group>"; };
		6F94A1E625257DA500284D92 /* NearbyTableCell.swift */ = {isa = PBXFileReference; lastKnownFileType = sourcecode.swift; name = NearbyTableCell.swift; path = "Mesh/Tab Bar View Controllers/NearbyTableCell.swift"; sourceTree = SOURCE_ROOT; };
		6F94A1E725257DA500284D92 /* NearbyTableCell.xib */ = {isa = PBXFileReference; lastKnownFileType = file.xib; name = NearbyTableCell.xib; path = "Mesh/Tab Bar View Controllers/NearbyTableCell.xib"; sourceTree = SOURCE_ROOT; };
		6FBA045224F1A7E400FC1E1B /* NearbyModel.swift */ = {isa = PBXFileReference; lastKnownFileType = sourcecode.swift; path = NearbyModel.swift; sourceTree = "<group>"; };
		6FBA045D24F2005C00FC1E1B /* UserInfo.swift */ = {isa = PBXFileReference; lastKnownFileType = sourcecode.swift; path = UserInfo.swift; sourceTree = "<group>"; };
		6FBA045F24F2032100FC1E1B /* NearbyViewController.swift */ = {isa = PBXFileReference; lastKnownFileType = sourcecode.swift; path = NearbyViewController.swift; sourceTree = "<group>"; };
		6FD5131424E36BA40028DDAE /* Roboto-Thin.ttf */ = {isa = PBXFileReference; lastKnownFileType = file; path = "Roboto-Thin.ttf"; sourceTree = "<group>"; };
		6FD5131524E36BA50028DDAE /* Roboto-MediumItalic.ttf */ = {isa = PBXFileReference; lastKnownFileType = file; path = "Roboto-MediumItalic.ttf"; sourceTree = "<group>"; };
		6FD5131624E36BA50028DDAE /* Roboto-ThinItalic.ttf */ = {isa = PBXFileReference; lastKnownFileType = file; path = "Roboto-ThinItalic.ttf"; sourceTree = "<group>"; };
		6FD5131724E36BA60028DDAE /* Roboto-Italic.ttf */ = {isa = PBXFileReference; lastKnownFileType = file; path = "Roboto-Italic.ttf"; sourceTree = "<group>"; };
		6FD5131824E36BA60028DDAE /* Roboto-Bold.ttf */ = {isa = PBXFileReference; lastKnownFileType = file; path = "Roboto-Bold.ttf"; sourceTree = "<group>"; };
		6FD5131924E36BA70028DDAE /* Roboto-Light.ttf */ = {isa = PBXFileReference; lastKnownFileType = file; path = "Roboto-Light.ttf"; sourceTree = "<group>"; };
		6FD5131A24E36BA80028DDAE /* Roboto-BlackItalic.ttf */ = {isa = PBXFileReference; lastKnownFileType = file; path = "Roboto-BlackItalic.ttf"; sourceTree = "<group>"; };
		6FD5131B24E36BA80028DDAE /* Roboto-LightItalic.ttf */ = {isa = PBXFileReference; lastKnownFileType = file; path = "Roboto-LightItalic.ttf"; sourceTree = "<group>"; };
		6FD5131C24E36BA90028DDAE /* Roboto-Medium.ttf */ = {isa = PBXFileReference; lastKnownFileType = file; path = "Roboto-Medium.ttf"; sourceTree = "<group>"; };
		6FD5131D24E36BA90028DDAE /* Roboto-Black.ttf */ = {isa = PBXFileReference; lastKnownFileType = file; path = "Roboto-Black.ttf"; sourceTree = "<group>"; };
		6FD5131E24E36BAA0028DDAE /* Roboto-BoldItalic.ttf */ = {isa = PBXFileReference; lastKnownFileType = file; path = "Roboto-BoldItalic.ttf"; sourceTree = "<group>"; };
		6FD5131F24E36BAA0028DDAE /* Roboto-Regular.ttf */ = {isa = PBXFileReference; lastKnownFileType = file; path = "Roboto-Regular.ttf"; sourceTree = "<group>"; };
		6FE0CE80250DF66100A05AD7 /* CommentsViewController.swift */ = {isa = PBXFileReference; lastKnownFileType = sourcecode.swift; path = CommentsViewController.swift; sourceTree = "<group>"; };
		6FFD629C24DE370D00D5B96D /* Mesh.app */ = {isa = PBXFileReference; explicitFileType = wrapper.application; includeInIndex = 0; path = Mesh.app; sourceTree = BUILT_PRODUCTS_DIR; };
		6FFD629F24DE370D00D5B96D /* AppDelegate.swift */ = {isa = PBXFileReference; lastKnownFileType = sourcecode.swift; path = AppDelegate.swift; sourceTree = "<group>"; };
		6FFD62A124DE370D00D5B96D /* SceneDelegate.swift */ = {isa = PBXFileReference; lastKnownFileType = sourcecode.swift; path = SceneDelegate.swift; sourceTree = "<group>"; };
		6FFD62A324DE370D00D5B96D /* ViewController.swift */ = {isa = PBXFileReference; lastKnownFileType = sourcecode.swift; path = ViewController.swift; sourceTree = "<group>"; };
		6FFD62A624DE370D00D5B96D /* Base */ = {isa = PBXFileReference; lastKnownFileType = file.storyboard; name = Base; path = Base.lproj/Main.storyboard; sourceTree = "<group>"; };
		6FFD62A824DE370D00D5B96D /* Assets.xcassets */ = {isa = PBXFileReference; lastKnownFileType = folder.assetcatalog; path = Assets.xcassets; sourceTree = "<group>"; };
		6FFD62AB24DE370D00D5B96D /* Base */ = {isa = PBXFileReference; lastKnownFileType = file.storyboard; name = Base; path = Base.lproj/LaunchScreen.storyboard; sourceTree = "<group>"; };
		6FFD62AD24DE370D00D5B96D /* Info.plist */ = {isa = PBXFileReference; lastKnownFileType = text.plist.xml; path = Info.plist; sourceTree = "<group>"; };
		6FFD62B324DF27CB00D5B96D /* WelcomeViewController.swift */ = {isa = PBXFileReference; lastKnownFileType = sourcecode.swift; path = WelcomeViewController.swift; sourceTree = "<group>"; };
		71631A52D235E8A48B9FCA8A /* Pods-Mesh.release.xcconfig */ = {isa = PBXFileReference; includeInIndex = 1; lastKnownFileType = text.xcconfig; name = "Pods-Mesh.release.xcconfig"; path = "Target Support Files/Pods-Mesh/Pods-Mesh.release.xcconfig"; sourceTree = "<group>"; };
		E2EC500CAC980DAA33F77D06 /* Pods_Mesh.framework */ = {isa = PBXFileReference; explicitFileType = wrapper.framework; includeInIndex = 0; path = Pods_Mesh.framework; sourceTree = BUILT_PRODUCTS_DIR; };
		F61105D05F6D2DB7392308EF /* Pods-Mesh.debug.xcconfig */ = {isa = PBXFileReference; includeInIndex = 1; lastKnownFileType = text.xcconfig; name = "Pods-Mesh.debug.xcconfig"; path = "Target Support Files/Pods-Mesh/Pods-Mesh.debug.xcconfig"; sourceTree = "<group>"; };
/* End PBXFileReference section */

/* Begin PBXFrameworksBuildPhase section */
		6FFD629924DE370D00D5B96D /* Frameworks */ = {
			isa = PBXFrameworksBuildPhase;
			buildActionMask = 2147483647;
			files = (
				6CF2F355B5884CAD02551477 /* Pods_Mesh.framework in Frameworks */,
			);
			runOnlyForDeploymentPostprocessing = 0;
		};
/* End PBXFrameworksBuildPhase section */

/* Begin PBXGroup section */
		1D306D23079FF0EE5F9ACB95 /* Frameworks */ = {
			isa = PBXGroup;
			children = (
				E2EC500CAC980DAA33F77D06 /* Pods_Mesh.framework */,
			);
			name = Frameworks;
			sourceTree = "<group>";
		};
		5C20677268755A7D16E21738 /* Pods */ = {
			isa = PBXGroup;
			children = (
				F61105D05F6D2DB7392308EF /* Pods-Mesh.debug.xcconfig */,
				71631A52D235E8A48B9FCA8A /* Pods-Mesh.release.xcconfig */,
			);
			path = Pods;
			sourceTree = "<group>";
		};
		6F6DF02524E79AE9009ACCDD /* View Controllers */ = {
			isa = PBXGroup;
			children = (
				6FFD62B324DF27CB00D5B96D /* WelcomeViewController.swift */,
				6F6DF02324E79AE1009ACCDD /* AuthCodeViewController.swift */,
				6F76834224F06C3C00B70F29 /* FinishSignUpViewController.swift */,
				6FE0CE80250DF66100A05AD7 /* CommentsViewController.swift */,
			);
			path = "View Controllers";
			sourceTree = "<group>";
		};
		6F81595424F469C600FB59BD /* Misc */ = {
			isa = PBXGroup;
			children = (
				6FFD62A324DE370D00D5B96D /* ViewController.swift */,
				6F81595224F4670B00FB59BD /* NewPostDummyViewController.swift */,
				6FD5132C24E36BAD0028DDAE /* Fonts */,
			);
			path = Misc;
			sourceTree = "<group>";
		};
		6F81595524F469E300FB59BD /* Core Systems */ = {
			isa = PBXGroup;
			children = (
				6F7737AF251FD341006D70CC /* localDataModel.xcdatamodeld */,
				6FFD629F24DE370D00D5B96D /* AppDelegate.swift */,
				6FFD62A124DE370D00D5B96D /* SceneDelegate.swift */,
			);
			path = "Core Systems";
			sourceTree = "<group>";
		};
		6F81595624F46A0E00FB59BD /* Views */ = {
			isa = PBXGroup;
			children = (
				6FFD62A524DE370D00D5B96D /* Main.storyboard */,
				6FFD62AA24DE370D00D5B96D /* LaunchScreen.storyboard */,
			);
			path = Views;
			sourceTree = "<group>";
		};
		6FB9DFB1250D631000477D9B /* Table View Cells */ = {
			isa = PBXGroup;
			children = (
				6F94A1E625257DA500284D92 /* NearbyTableCell.swift */,
				6F94A1E725257DA500284D92 /* NearbyTableCell.xib */,
				6F368C2B24F208F500C7E08C /* NearbyTableViewCell.swift */,
				6F368C2C24F208F500C7E08C /* NearbyTableViewCell.xib */,
				6F8605CD2510695D002AC4E9 /* TestTableViewCell.swift */,
				6F8605CE2510695D002AC4E9 /* TestTableViewCell.xib */,
			);
			path = "Table View Cells";
			sourceTree = "<group>";
		};
		6FBA045424F1A95A00FC1E1B /* Models */ = {
			isa = PBXGroup;
			children = (
				6F94A1E22524215A00284D92 /* NearbyPostsEntity+CoreDataClass.swift */,
				6F94A1E32524215A00284D92 /* NearbyPostsEntity+CoreDataProperties.swift */,
				6FBA045D24F2005C00FC1E1B /* UserInfo.swift */,
				6FBA045224F1A7E400FC1E1B /* NearbyModel.swift */,
			);
			path = Models;
			sourceTree = "<group>";
		};
		6FBA046124F2033000FC1E1B /* Tab Bar View Controllers */ = {
			isa = PBXGroup;
			children = (
				6F4067A224F4627F009CB580 /* TabBarViewController.swift */,
				6FBA045F24F2032100FC1E1B /* NearbyViewController.swift */,
				6F8605CB250F5128002AC4E9 /* TrendingViewController.swift */,
				6F81595724F46AAC00FB59BD /* NewPostEditorViewController.swift */,
			);
			path = "Tab Bar View Controllers";
			sourceTree = "<group>";
		};
		6FD5132C24E36BAD0028DDAE /* Fonts */ = {
			isa = PBXGroup;
			children = (
				6FD5131D24E36BA90028DDAE /* Roboto-Black.ttf */,
				6FD5131A24E36BA80028DDAE /* Roboto-BlackItalic.ttf */,
				6FD5131824E36BA60028DDAE /* Roboto-Bold.ttf */,
				6FD5131E24E36BAA0028DDAE /* Roboto-BoldItalic.ttf */,
				6FD5131724E36BA60028DDAE /* Roboto-Italic.ttf */,
				6FD5131924E36BA70028DDAE /* Roboto-Light.ttf */,
				6FD5131B24E36BA80028DDAE /* Roboto-LightItalic.ttf */,
				6FD5131C24E36BA90028DDAE /* Roboto-Medium.ttf */,
				6FD5131524E36BA50028DDAE /* Roboto-MediumItalic.ttf */,
				6FD5131F24E36BAA0028DDAE /* Roboto-Regular.ttf */,
				6FD5131424E36BA40028DDAE /* Roboto-Thin.ttf */,
				6FD5131624E36BA50028DDAE /* Roboto-ThinItalic.ttf */,
			);
			path = Fonts;
			sourceTree = "<group>";
		};
		6FFD629324DE370D00D5B96D = {
			isa = PBXGroup;
			children = (
				6FFD629E24DE370D00D5B96D /* Mesh */,
				6FFD629D24DE370D00D5B96D /* Products */,
				5C20677268755A7D16E21738 /* Pods */,
				1D306D23079FF0EE5F9ACB95 /* Frameworks */,
			);
			sourceTree = "<group>";
		};
		6FFD629D24DE370D00D5B96D /* Products */ = {
			isa = PBXGroup;
			children = (
				6FFD629C24DE370D00D5B96D /* Mesh.app */,
			);
			name = Products;
			sourceTree = "<group>";
		};
		6FFD629E24DE370D00D5B96D /* Mesh */ = {
			isa = PBXGroup;
			children = (
				6FFD62AD24DE370D00D5B96D /* Info.plist */,
				6F4067A124F32C36009CB580 /* Mesh.entitlements */,
				6F40679F24F31ABA009CB580 /* GoogleService-Info.plist */,
				6F81595624F46A0E00FB59BD /* Views */,
				6F6DF02524E79AE9009ACCDD /* View Controllers */,
				6FBA046124F2033000FC1E1B /* Tab Bar View Controllers */,
				6FBA045424F1A95A00FC1E1B /* Models */,
				6F81595524F469E300FB59BD /* Core Systems */,
				6FFD62A824DE370D00D5B96D /* Assets.xcassets */,
				6FB9DFB1250D631000477D9B /* Table View Cells */,
				6F81595424F469C600FB59BD /* Misc */,
			);
			path = Mesh;
			sourceTree = "<group>";
		};
/* End PBXGroup section */

/* Begin PBXNativeTarget section */
		6FFD629B24DE370D00D5B96D /* Mesh */ = {
			isa = PBXNativeTarget;
			buildConfigurationList = 6FFD62B024DE370D00D5B96D /* Build configuration list for PBXNativeTarget "Mesh" */;
			buildPhases = (
				52735D83294591816D3EDE0A /* [CP] Check Pods Manifest.lock */,
				6FFD629824DE370D00D5B96D /* Sources */,
				6FFD629924DE370D00D5B96D /* Frameworks */,
				6FFD629A24DE370D00D5B96D /* Resources */,
				C1CE48BCF647745DAE33949D /* [CP] Embed Pods Frameworks */,
			);
			buildRules = (
			);
			dependencies = (
			);
			name = Mesh;
			productName = Mesh;
			productReference = 6FFD629C24DE370D00D5B96D /* Mesh.app */;
			productType = "com.apple.product-type.application";
		};
/* End PBXNativeTarget section */

/* Begin PBXProject section */
		6FFD629424DE370D00D5B96D /* Project object */ = {
			isa = PBXProject;
			attributes = {
				LastSwiftUpdateCheck = 1150;
				LastUpgradeCheck = 1150;
				ORGANIZATIONNAME = "Avidi Technologies";
				TargetAttributes = {
					6FFD629B24DE370D00D5B96D = {
						CreatedOnToolsVersion = 11.5;
					};
				};
			};
			buildConfigurationList = 6FFD629724DE370D00D5B96D /* Build configuration list for PBXProject "Mesh" */;
			compatibilityVersion = "Xcode 9.3";
			developmentRegion = en;
			hasScannedForEncodings = 0;
			knownRegions = (
				en,
				Base,
			);
			mainGroup = 6FFD629324DE370D00D5B96D;
			productRefGroup = 6FFD629D24DE370D00D5B96D /* Products */;
			projectDirPath = "";
			projectRoot = "";
			targets = (
				6FFD629B24DE370D00D5B96D /* Mesh */,
			);
		};
/* End PBXProject section */

/* Begin PBXResourcesBuildPhase section */
		6FFD629A24DE370D00D5B96D /* Resources */ = {
			isa = PBXResourcesBuildPhase;
			buildActionMask = 2147483647;
			files = (
				6F94A1E925257DA600284D92 /* NearbyTableCell.xib in Resources */,
				6FD5132224E36BAA0028DDAE /* Roboto-ThinItalic.ttf in Resources */,
				6FD5132724E36BAA0028DDAE /* Roboto-LightItalic.ttf in Resources */,
				6FD5132024E36BAA0028DDAE /* Roboto-Thin.ttf in Resources */,
				6FD5132124E36BAA0028DDAE /* Roboto-MediumItalic.ttf in Resources */,
				6FFD62AC24DE370D00D5B96D /* LaunchScreen.storyboard in Resources */,
				6FD5132324E36BAA0028DDAE /* Roboto-Italic.ttf in Resources */,
				6FFD62A924DE370D00D5B96D /* Assets.xcassets in Resources */,
				6FD5132424E36BAA0028DDAE /* Roboto-Bold.ttf in Resources */,
				6FD5132824E36BAA0028DDAE /* Roboto-Medium.ttf in Resources */,
				6FD5132924E36BAA0028DDAE /* Roboto-Black.ttf in Resources */,
				6FD5132624E36BAA0028DDAE /* Roboto-BlackItalic.ttf in Resources */,
				6FFD62A724DE370D00D5B96D /* Main.storyboard in Resources */,
				6F4067A024F31ABA009CB580 /* GoogleService-Info.plist in Resources */,
				6F8605D02510695D002AC4E9 /* TestTableViewCell.xib in Resources */,
				6F368C2E24F208F500C7E08C /* NearbyTableViewCell.xib in Resources */,
				6FD5132B24E36BAA0028DDAE /* Roboto-Regular.ttf in Resources */,
				6FD5132A24E36BAA0028DDAE /* Roboto-BoldItalic.ttf in Resources */,
				6FD5132524E36BAA0028DDAE /* Roboto-Light.ttf in Resources */,
			);
			runOnlyForDeploymentPostprocessing = 0;
		};
/* End PBXResourcesBuildPhase section */

/* Begin PBXShellScriptBuildPhase section */
		52735D83294591816D3EDE0A /* [CP] Check Pods Manifest.lock */ = {
			isa = PBXShellScriptBuildPhase;
			buildActionMask = 2147483647;
			files = (
			);
			inputFileListPaths = (
			);
			inputPaths = (
				"${PODS_PODFILE_DIR_PATH}/Podfile.lock",
				"${PODS_ROOT}/Manifest.lock",
			);
			name = "[CP] Check Pods Manifest.lock";
			outputFileListPaths = (
			);
			outputPaths = (
				"$(DERIVED_FILE_DIR)/Pods-Mesh-checkManifestLockResult.txt",
			);
			runOnlyForDeploymentPostprocessing = 0;
			shellPath = /bin/sh;
			shellScript = "diff \"${PODS_PODFILE_DIR_PATH}/Podfile.lock\" \"${PODS_ROOT}/Manifest.lock\" > /dev/null\nif [ $? != 0 ] ; then\n    # print error to STDERR\n    echo \"error: The sandbox is not in sync with the Podfile.lock. Run 'pod install' or update your CocoaPods installation.\" >&2\n    exit 1\nfi\n# This output is used by Xcode 'outputs' to avoid re-running this script phase.\necho \"SUCCESS\" > \"${SCRIPT_OUTPUT_FILE_0}\"\n";
			showEnvVarsInLog = 0;
		};
		C1CE48BCF647745DAE33949D /* [CP] Embed Pods Frameworks */ = {
			isa = PBXShellScriptBuildPhase;
			buildActionMask = 2147483647;
			files = (
			);
			inputFileListPaths = (
				"${PODS_ROOT}/Target Support Files/Pods-Mesh/Pods-Mesh-frameworks-${CONFIGURATION}-input-files.xcfilelist",
			);
			name = "[CP] Embed Pods Frameworks";
			outputFileListPaths = (
				"${PODS_ROOT}/Target Support Files/Pods-Mesh/Pods-Mesh-frameworks-${CONFIGURATION}-output-files.xcfilelist",
			);
			runOnlyForDeploymentPostprocessing = 0;
			shellPath = /bin/sh;
			shellScript = "\"${PODS_ROOT}/Target Support Files/Pods-Mesh/Pods-Mesh-frameworks.sh\"\n";
			showEnvVarsInLog = 0;
		};
/* End PBXShellScriptBuildPhase section */

/* Begin PBXSourcesBuildPhase section */
		6FFD629824DE370D00D5B96D /* Sources */ = {
			isa = PBXSourcesBuildPhase;
			buildActionMask = 2147483647;
			files = (
				6F81595324F4670B00FB59BD /* NewPostDummyViewController.swift in Sources */,
				6F8605CC250F5128002AC4E9 /* TrendingViewController.swift in Sources */,
				6F7737B1251FD341006D70CC /* localDataModel.xcdatamodeld in Sources */,
				6FFD62A424DE370D00D5B96D /* ViewController.swift in Sources */,
				6FFD62B424DF27CC00D5B96D /* WelcomeViewController.swift in Sources */,
				6F8605CF2510695D002AC4E9 /* TestTableViewCell.swift in Sources */,
				6F4067A324F4627F009CB580 /* TabBarViewController.swift in Sources */,
				6F94A1E42524215A00284D92 /* NearbyPostsEntity+CoreDataClass.swift in Sources */,
				6F94A1E52524215A00284D92 /* NearbyPostsEntity+CoreDataProperties.swift in Sources */,
				6F76834324F06C3C00B70F29 /* FinishSignUpViewController.swift in Sources */,
				6F6DF02424E79AE1009ACCDD /* AuthCodeViewController.swift in Sources */,
				6FBA045E24F2005C00FC1E1B /* UserInfo.swift in Sources */,
				6FBA046024F2032100FC1E1B /* NearbyViewController.swift in Sources */,
				6F94A1E825257DA600284D92 /* NearbyTableCell.swift in Sources */,
				6FE0CE81250DF66100A05AD7 /* CommentsViewController.swift in Sources */,
				6F368C2D24F208F500C7E08C /* NearbyTableViewCell.swift in Sources */,
				6FBA045324F1A7E400FC1E1B /* NearbyModel.swift in Sources */,
				6F81595824F46AAC00FB59BD /* NewPostEditorViewController.swift in Sources */,
				6FFD62A024DE370D00D5B96D /* AppDelegate.swift in Sources */,
				6FFD62A224DE370D00D5B96D /* SceneDelegate.swift in Sources */,
			);
			runOnlyForDeploymentPostprocessing = 0;
		};
/* End PBXSourcesBuildPhase section */

/* Begin PBXVariantGroup section */
		6FFD62A524DE370D00D5B96D /* Main.storyboard */ = {
			isa = PBXVariantGroup;
			children = (
				6FFD62A624DE370D00D5B96D /* Base */,
			);
			name = Main.storyboard;
			sourceTree = "<group>";
		};
		6FFD62AA24DE370D00D5B96D /* LaunchScreen.storyboard */ = {
			isa = PBXVariantGroup;
			children = (
				6FFD62AB24DE370D00D5B96D /* Base */,
			);
			name = LaunchScreen.storyboard;
			sourceTree = "<group>";
		};
/* End PBXVariantGroup section */

/* Begin XCBuildConfiguration section */
		6FFD62AE24DE370D00D5B96D /* Debug */ = {
			isa = XCBuildConfiguration;
			buildSettings = {
				ALWAYS_SEARCH_USER_PATHS = NO;
				CLANG_ANALYZER_NONNULL = YES;
				CLANG_ANALYZER_NUMBER_OBJECT_CONVERSION = YES_AGGRESSIVE;
				CLANG_CXX_LANGUAGE_STANDARD = "gnu++14";
				CLANG_CXX_LIBRARY = "libc++";
				CLANG_ENABLE_MODULES = YES;
				CLANG_ENABLE_OBJC_ARC = YES;
				CLANG_ENABLE_OBJC_WEAK = YES;
				CLANG_WARN_BLOCK_CAPTURE_AUTORELEASING = YES;
				CLANG_WARN_BOOL_CONVERSION = YES;
				CLANG_WARN_COMMA = YES;
				CLANG_WARN_CONSTANT_CONVERSION = YES;
				CLANG_WARN_DEPRECATED_OBJC_IMPLEMENTATIONS = YES;
				CLANG_WARN_DIRECT_OBJC_ISA_USAGE = YES_ERROR;
				CLANG_WARN_DOCUMENTATION_COMMENTS = YES;
				CLANG_WARN_EMPTY_BODY = YES;
				CLANG_WARN_ENUM_CONVERSION = YES;
				CLANG_WARN_INFINITE_RECURSION = YES;
				CLANG_WARN_INT_CONVERSION = YES;
				CLANG_WARN_NON_LITERAL_NULL_CONVERSION = YES;
				CLANG_WARN_OBJC_IMPLICIT_RETAIN_SELF = YES;
				CLANG_WARN_OBJC_LITERAL_CONVERSION = YES;
				CLANG_WARN_OBJC_ROOT_CLASS = YES_ERROR;
				CLANG_WARN_RANGE_LOOP_ANALYSIS = YES;
				CLANG_WARN_STRICT_PROTOTYPES = YES;
				CLANG_WARN_SUSPICIOUS_MOVE = YES;
				CLANG_WARN_UNGUARDED_AVAILABILITY = YES_AGGRESSIVE;
				CLANG_WARN_UNREACHABLE_CODE = YES;
				CLANG_WARN__DUPLICATE_METHOD_MATCH = YES;
				COPY_PHASE_STRIP = NO;
				DEBUG_INFORMATION_FORMAT = dwarf;
				ENABLE_STRICT_OBJC_MSGSEND = YES;
				ENABLE_TESTABILITY = YES;
				GCC_C_LANGUAGE_STANDARD = gnu11;
				GCC_DYNAMIC_NO_PIC = NO;
				GCC_NO_COMMON_BLOCKS = YES;
				GCC_OPTIMIZATION_LEVEL = 0;
				GCC_PREPROCESSOR_DEFINITIONS = (
					"DEBUG=1",
					"$(inherited)",
				);
				GCC_WARN_64_TO_32_BIT_CONVERSION = YES;
				GCC_WARN_ABOUT_RETURN_TYPE = YES_ERROR;
				GCC_WARN_UNDECLARED_SELECTOR = YES;
				GCC_WARN_UNINITIALIZED_AUTOS = YES_AGGRESSIVE;
				GCC_WARN_UNUSED_FUNCTION = YES;
				GCC_WARN_UNUSED_VARIABLE = YES;
				IPHONEOS_DEPLOYMENT_TARGET = 13.5;
				MTL_ENABLE_DEBUG_INFO = INCLUDE_SOURCE;
				MTL_FAST_MATH = YES;
				ONLY_ACTIVE_ARCH = YES;
				SDKROOT = iphoneos;
				SWIFT_ACTIVE_COMPILATION_CONDITIONS = DEBUG;
				SWIFT_OPTIMIZATION_LEVEL = "-Onone";
			};
			name = Debug;
		};
		6FFD62AF24DE370D00D5B96D /* Release */ = {
			isa = XCBuildConfiguration;
			buildSettings = {
				ALWAYS_SEARCH_USER_PATHS = NO;
				CLANG_ANALYZER_NONNULL = YES;
				CLANG_ANALYZER_NUMBER_OBJECT_CONVERSION = YES_AGGRESSIVE;
				CLANG_CXX_LANGUAGE_STANDARD = "gnu++14";
				CLANG_CXX_LIBRARY = "libc++";
				CLANG_ENABLE_MODULES = YES;
				CLANG_ENABLE_OBJC_ARC = YES;
				CLANG_ENABLE_OBJC_WEAK = YES;
				CLANG_WARN_BLOCK_CAPTURE_AUTORELEASING = YES;
				CLANG_WARN_BOOL_CONVERSION = YES;
				CLANG_WARN_COMMA = YES;
				CLANG_WARN_CONSTANT_CONVERSION = YES;
				CLANG_WARN_DEPRECATED_OBJC_IMPLEMENTATIONS = YES;
				CLANG_WARN_DIRECT_OBJC_ISA_USAGE = YES_ERROR;
				CLANG_WARN_DOCUMENTATION_COMMENTS = YES;
				CLANG_WARN_EMPTY_BODY = YES;
				CLANG_WARN_ENUM_CONVERSION = YES;
				CLANG_WARN_INFINITE_RECURSION = YES;
				CLANG_WARN_INT_CONVERSION = YES;
				CLANG_WARN_NON_LITERAL_NULL_CONVERSION = YES;
				CLANG_WARN_OBJC_IMPLICIT_RETAIN_SELF = YES;
				CLANG_WARN_OBJC_LITERAL_CONVERSION = YES;
				CLANG_WARN_OBJC_ROOT_CLASS = YES_ERROR;
				CLANG_WARN_RANGE_LOOP_ANALYSIS = YES;
				CLANG_WARN_STRICT_PROTOTYPES = YES;
				CLANG_WARN_SUSPICIOUS_MOVE = YES;
				CLANG_WARN_UNGUARDED_AVAILABILITY = YES_AGGRESSIVE;
				CLANG_WARN_UNREACHABLE_CODE = YES;
				CLANG_WARN__DUPLICATE_METHOD_MATCH = YES;
				COPY_PHASE_STRIP = NO;
				DEBUG_INFORMATION_FORMAT = "dwarf-with-dsym";
				ENABLE_NS_ASSERTIONS = NO;
				ENABLE_STRICT_OBJC_MSGSEND = YES;
				GCC_C_LANGUAGE_STANDARD = gnu11;
				GCC_NO_COMMON_BLOCKS = YES;
				GCC_WARN_64_TO_32_BIT_CONVERSION = YES;
				GCC_WARN_ABOUT_RETURN_TYPE = YES_ERROR;
				GCC_WARN_UNDECLARED_SELECTOR = YES;
				GCC_WARN_UNINITIALIZED_AUTOS = YES_AGGRESSIVE;
				GCC_WARN_UNUSED_FUNCTION = YES;
				GCC_WARN_UNUSED_VARIABLE = YES;
				IPHONEOS_DEPLOYMENT_TARGET = 13.5;
				MTL_ENABLE_DEBUG_INFO = NO;
				MTL_FAST_MATH = YES;
				SDKROOT = iphoneos;
				SWIFT_COMPILATION_MODE = wholemodule;
				SWIFT_OPTIMIZATION_LEVEL = "-O";
				VALIDATE_PRODUCT = YES;
			};
			name = Release;
		};
		6FFD62B124DE370D00D5B96D /* Debug */ = {
			isa = XCBuildConfiguration;
			baseConfigurationReference = F61105D05F6D2DB7392308EF /* Pods-Mesh.debug.xcconfig */;
			buildSettings = {
				ASSETCATALOG_COMPILER_APPICON_NAME = AppIcon;
				CODE_SIGN_ENTITLEMENTS = Mesh/Mesh.entitlements;
				CODE_SIGN_IDENTITY = "iPhone Developer";
				CODE_SIGN_STYLE = Manual;
				DEVELOPMENT_TEAM = 5UMQT92969;
				INFOPLIST_FILE = Mesh/Info.plist;
				LD_RUNPATH_SEARCH_PATHS = (
					"$(inherited)",
					"@executable_path/Frameworks",
				);
				PRODUCT_BUNDLE_IDENTIFIER = "Avidi-Technologies.Mesh";
				PRODUCT_NAME = "$(TARGET_NAME)";
				PROVISIONING_PROFILE_SPECIFIER = "Mesh Development Profile";
				SWIFT_VERSION = 5.0;
				TARGETED_DEVICE_FAMILY = 1;
			};
			name = Debug;
		};
		6FFD62B224DE370D00D5B96D /* Release */ = {
			isa = XCBuildConfiguration;
			baseConfigurationReference = 71631A52D235E8A48B9FCA8A /* Pods-Mesh.release.xcconfig */;
			buildSettings = {
				ASSETCATALOG_COMPILER_APPICON_NAME = AppIcon;
				CODE_SIGN_ENTITLEMENTS = Mesh/Mesh.entitlements;
				CODE_SIGN_IDENTITY = "iPhone Developer";
				CODE_SIGN_STYLE = Manual;
				DEVELOPMENT_TEAM = 5UMQT92969;
				INFOPLIST_FILE = Mesh/Info.plist;
				LD_RUNPATH_SEARCH_PATHS = (
					"$(inherited)",
					"@executable_path/Frameworks",
				);
				PRODUCT_BUNDLE_IDENTIFIER = "Avidi-Technologies.Mesh";
				PRODUCT_NAME = "$(TARGET_NAME)";
				PROVISIONING_PROFILE_SPECIFIER = "Mesh Development Profile";
				SWIFT_VERSION = 5.0;
				TARGETED_DEVICE_FAMILY = 1;
			};
			name = Release;
		};
/* End XCBuildConfiguration section */

/* Begin XCConfigurationList section */
		6FFD629724DE370D00D5B96D /* Build configuration list for PBXProject "Mesh" */ = {
			isa = XCConfigurationList;
			buildConfigurations = (
				6FFD62AE24DE370D00D5B96D /* Debug */,
				6FFD62AF24DE370D00D5B96D /* Release */,
			);
			defaultConfigurationIsVisible = 0;
			defaultConfigurationName = Release;
		};
		6FFD62B024DE370D00D5B96D /* Build configuration list for PBXNativeTarget "Mesh" */ = {
			isa = XCConfigurationList;
			buildConfigurations = (
				6FFD62B124DE370D00D5B96D /* Debug */,
				6FFD62B224DE370D00D5B96D /* Release */,
			);
			defaultConfigurationIsVisible = 0;
			defaultConfigurationName = Release;
		};
/* End XCConfigurationList section */

/* Begin XCVersionGroup section */
		6F7737AF251FD341006D70CC /* localDataModel.xcdatamodeld */ = {
			isa = XCVersionGroup;
			children = (
				6F7737B0251FD341006D70CC /* localDataModel.xcdatamodel */,
			);
			currentVersion = 6F7737B0251FD341006D70CC /* localDataModel.xcdatamodel */;
			path = localDataModel.xcdatamodeld;
			sourceTree = "<group>";
			versionGroupType = wrapper.xcdatamodel;
		};
/* End XCVersionGroup section */
	};
	rootObject = 6FFD629424DE370D00D5B96D /* Project object */;
}
